
Microsoft Visual Studio Solution File, Format Version 12.00
# Visual Studio 15
VisualStudioVersion = 15.0.28307.1062
MinimumVisualStudioVersion = 10.0.40219.1
Project("{FAE04EC0-301F-11D3-BF4B-00C04F79EFBC}") = "DesignPatterns_Solid", "DesignPatterns_Solid\DesignPatterns_Solid.csproj", "{DC8BD10C-6C62-43F6-A182-461D9FFEFEBC}"
EndProject
Project("{FAE04EC0-301F-11D3-BF4B-00C04F79EFBC}") = "DesignPatterns_Builder", "DesignPatterns_Builder\DesignPatterns_Builder.csproj", "{6835CF80-E76C-4801-9B41-6AEC4FEB8539}"
EndProject
Project("{FAE04EC0-301F-11D3-BF4B-00C04F79EFBC}") = "DesignPatterns_Factory", "DesignPatterns_Factory\DesignPatterns_Factory.csproj", "{0221EE5D-8FB7-41B9-9B36-1884C9F47F28}"
EndProject
Global
	GlobalSection(SolutionConfigurationPlatforms) = preSolution
		Debug|Any CPU = Debug|Any CPU
		Release|Any CPU = Release|Any CPU
	EndGlobalSection
	GlobalSection(ProjectConfigurationPlatforms) = postSolution
		{DC8BD10C-6C62-43F6-A182-461D9FFEFEBC}.Debug|Any CPU.ActiveCfg = Debug|Any CPU
		{DC8BD10C-6C62-43F6-A182-461D9FFEFEBC}.Debug|Any CPU.Build.0 = Debug|Any CPU
		{DC8BD10C-6C62-43F6-A182-461D9FFEFEBC}.Release|Any CPU.ActiveCfg = Release|Any CPU
		{DC8BD10C-6C62-43F6-A182-461D9FFEFEBC}.Release|Any CPU.Build.0 = Release|Any CPU
		{6835CF80-E76C-4801-9B41-6AEC4FEB8539}.Debug|Any CPU.ActiveCfg = Debug|Any CPU
		{6835CF80-E76C-4801-9B41-6AEC4FEB8539}.Debug|Any CPU.Build.0 = Debug|Any CPU
		{6835CF80-E76C-4801-9B41-6AEC4FEB8539}.Release|Any CPU.ActiveCfg = Release|Any CPU
		{6835CF80-E76C-4801-9B41-6AEC4FEB8539}.Release|Any CPU.Build.0 = Release|Any CPU
		{0221EE5D-8FB7-41B9-9B36-1884C9F47F28}.Debug|Any CPU.ActiveCfg = Debug|Any CPU
		{0221EE5D-8FB7-41B9-9B36-1884C9F47F28}.Debug|Any CPU.Build.0 = Debug|Any CPU
		{0221EE5D-8FB7-41B9-9B36-1884C9F47F28}.Release|Any CPU.ActiveCfg = Release|Any CPU
		{0221EE5D-8FB7-41B9-9B36-1884C9F47F28}.Release|Any CPU.Build.0 = Release|Any CPU
	EndGlobalSection
	GlobalSection(SolutionProperties) = preSolution
		HideSolutionNode = FALSE
	EndGlobalSection
	GlobalSection(ExtensibilityGlobals) = postSolution
		SolutionGuid = {67F53010-FF70-40CD-B0E7-5036D5444746}
	EndGlobalSection
EndGlobal
